
Microsoft Visual Studio Solution File, Format Version 12.00
# Visual Studio 15
VisualStudioVersion = 15.0.28307.271
MinimumVisualStudioVersion = 10.0.40219.1
Project("{F184B08F-C81C-45F6-A57F-5ABD9991F28F}") = "lib.test", "lib.test\lib.test.vbproj", "{858F127C-0469-42F4-A284-D4D8740EA7A7}"
EndProject
Project("{F184B08F-C81C-45F6-A57F-5ABD9991F28F}") = "consola.test", "consola.test\consola.test.vbproj", "{A18E414E-1E06-41F7-B77E-52F44CB13B30}"
EndProject
Project("{E24C65DC-7377-472B-9ABA-BC803B73C61A}") = "service.test", "service.test\", "{674D58AD-C095-4D78-818C-065832754FC1}"
	ProjectSection(WebsiteProperties) = preProject
		TargetFrameworkMoniker = ".NETFramework,Version%3Dv4.6.1"
		ProjectReferences = "{858f127c-0469-42f4-a284-d4d8740ea7a7}|lib.test.dll;"
		Debug.AspNetCompiler.VirtualPath = "/localhost_63141"
		Debug.AspNetCompiler.PhysicalPath = "service.test\"
		Debug.AspNetCompiler.TargetPath = "PrecompiledWeb\localhost_63141\"
		Debug.AspNetCompiler.Updateable = "true"
		Debug.AspNetCompiler.ForceOverwrite = "true"
		Debug.AspNetCompiler.FixedNames = "false"
		Debug.AspNetCompiler.Debug = "True"
		Release.AspNetCompiler.VirtualPath = "/localhost_63141"
		Release.AspNetCompiler.PhysicalPath = "service.test\"
		Release.AspNetCompiler.TargetPath = "PrecompiledWeb\localhost_63141\"
		Release.AspNetCompiler.Updateable = "true"
		Release.AspNetCompiler.ForceOverwrite = "true"
		Release.AspNetCompiler.FixedNames = "false"
		Release.AspNetCompiler.Debug = "False"
		VWDPort = "63141"
		SlnRelativePath = "service.test\"
		DefaultWebSiteLanguage = "Visual Basic"
	EndProjectSection
EndProject
Global
	GlobalSection(SolutionConfigurationPlatforms) = preSolution
		Debug|Any CPU = Debug|Any CPU
		Release|Any CPU = Release|Any CPU
	EndGlobalSection
	GlobalSection(ProjectConfigurationPlatforms) = postSolution
		{858F127C-0469-42F4-A284-D4D8740EA7A7}.Debug|Any CPU.ActiveCfg = Debug|Any CPU
		{858F127C-0469-42F4-A284-D4D8740EA7A7}.Debug|Any CPU.Build.0 = Debug|Any CPU
		{858F127C-0469-42F4-A284-D4D8740EA7A7}.Release|Any CPU.ActiveCfg = Release|Any CPU
		{858F127C-0469-42F4-A284-D4D8740EA7A7}.Release|Any CPU.Build.0 = Release|Any CPU
		{A18E414E-1E06-41F7-B77E-52F44CB13B30}.Debug|Any CPU.ActiveCfg = Debug|Any CPU
		{A18E414E-1E06-41F7-B77E-52F44CB13B30}.Debug|Any CPU.Build.0 = Debug|Any CPU
		{A18E414E-1E06-41F7-B77E-52F44CB13B30}.Release|Any CPU.ActiveCfg = Release|Any CPU
		{A18E414E-1E06-41F7-B77E-52F44CB13B30}.Release|Any CPU.Build.0 = Release|Any CPU
		{674D58AD-C095-4D78-818C-065832754FC1}.Debug|Any CPU.ActiveCfg = Debug|Any CPU
		{674D58AD-C095-4D78-818C-065832754FC1}.Debug|Any CPU.Build.0 = Debug|Any CPU
		{674D58AD-C095-4D78-818C-065832754FC1}.Release|Any CPU.ActiveCfg = Debug|Any CPU
		{674D58AD-C095-4D78-818C-065832754FC1}.Release|Any CPU.Build.0 = Debug|Any CPU
	EndGlobalSection
	GlobalSection(SolutionProperties) = preSolution
		HideSolutionNode = FALSE
	EndGlobalSection
	GlobalSection(ExtensibilityGlobals) = postSolution
		SolutionGuid = {55FBB4EA-B17B-4984-8DE6-0B78A106F3E2}
	EndGlobalSection
EndGlobal
